// !$*UTF8*$!
{
	archiveVersion = 1;
	classes = {
	};
	objectVersion = 50;
	objects = {

/* Begin PBXBuildFile section */
		A597A918219F227B0069B9D2 /* Assets.xcassets in Resources */ = {isa = PBXBuildFile; fileRef = A597A917219F227B0069B9D2 /* Assets.xcassets */; };
		A597A91B219F227B0069B9D2 /* LaunchScreen.storyboard in Resources */ = {isa = PBXBuildFile; fileRef = A597A919219F227B0069B9D2 /* LaunchScreen.storyboard */; };
		A597A92B219F23740069B9D2 /* TableViewCell.swift in Sources */ = {isa = PBXBuildFile; fileRef = A597A922219F23730069B9D2 /* TableViewCell.swift */; };
		A597A92C219F23740069B9D2 /* Main.storyboard in Resources */ = {isa = PBXBuildFile; fileRef = A597A923219F23730069B9D2 /* Main.storyboard */; };
		A597A92D219F23740069B9D2 /* DetailViewController.swift in Sources */ = {isa = PBXBuildFile; fileRef = A597A924219F23730069B9D2 /* DetailViewController.swift */; };
		A597A92E219F23740069B9D2 /* DetailViewCell.swift in Sources */ = {isa = PBXBuildFile; fileRef = A597A925219F23730069B9D2 /* DetailViewCell.swift */; };
		A597A930219F23740069B9D2 /* AppDelegate.swift in Sources */ = {isa = PBXBuildFile; fileRef = A597A927219F23730069B9D2 /* AppDelegate.swift */; };
		A597A931219F23740069B9D2 /* TableViewController.swift in Sources */ = {isa = PBXBuildFile; fileRef = A597A928219F23740069B9D2 /* TableViewController.swift */; };
		A597A932219F23740069B9D2 /* CollectionReusableHeaderView.xib in Resources */ = {isa = PBXBuildFile; fileRef = A597A929219F23740069B9D2 /* CollectionReusableHeaderView.xib */; };
		A597A933219F23740069B9D2 /* CollectionReusableHeaderView.swift in Sources */ = {isa = PBXBuildFile; fileRef = A597A92A219F23740069B9D2 /* CollectionReusableHeaderView.swift */; };
		A597A935219F24410069B9D2 /* Crayon.swift in Sources */ = {isa = PBXBuildFile; fileRef = A597A934219F24410069B9D2 /* Crayon.swift */; };
		A597A937219F245F0069B9D2 /* CrayonModel.swift in Sources */ = {isa = PBXBuildFile; fileRef = A597A936219F245E0069B9D2 /* CrayonModel.swift */; };
		A597A939219F29BF0069B9D2 /* Crayons.xcassets in Resources */ = {isa = PBXBuildFile; fileRef = A597A938219F29BF0069B9D2 /* Crayons.xcassets */; };
		A597A93B219F2B350069B9D2 /* tem.xib in Resources */ = {isa = PBXBuildFile; fileRef = A597A93A219F2B350069B9D2 /* tem.xib */; };
/* End PBXBuildFile section */

/* Begin PBXFileReference section */
		A597A90D219F227A0069B9D2 /* iOS-sprint-2-Challange.app */ = {isa = PBXFileReference; explicitFileType = wrapper.application; includeInIndex = 0; path = "iOS-sprint-2-Challange.app"; sourceTree = BUILT_PRODUCTS_DIR; };
		A597A917219F227B0069B9D2 /* Assets.xcassets */ = {isa = PBXFileReference; lastKnownFileType = folder.assetcatalog; path = Assets.xcassets; sourceTree = "<group>"; };
		A597A91A219F227B0069B9D2 /* Base */ = {isa = PBXFileReference; lastKnownFileType = file.storyboard; name = Base; path = Base.lproj/LaunchScreen.storyboard; sourceTree = "<group>"; };
		A597A91C219F227B0069B9D2 /* Info.plist */ = {isa = PBXFileReference; lastKnownFileType = text.plist.xml; path = Info.plist; sourceTree = "<group>"; };
		A597A922219F23730069B9D2 /* TableViewCell.swift */ = {isa = PBXFileReference; fileEncoding = 4; lastKnownFileType = sourcecode.swift; path = TableViewCell.swift; sourceTree = "<group>"; };
		A597A923219F23730069B9D2 /* Main.storyboard */ = {isa = PBXFileReference; fileEncoding = 4; lastKnownFileType = file.storyboard; path = Main.storyboard; sourceTree = "<group>"; };
		A597A924219F23730069B9D2 /* DetailViewController.swift */ = {isa = PBXFileReference; fileEncoding = 4; lastKnownFileType = sourcecode.swift; path = DetailViewController.swift; sourceTree = "<group>"; };
		A597A925219F23730069B9D2 /* DetailViewCell.swift */ = {isa = PBXFileReference; fileEncoding = 4; lastKnownFileType = sourcecode.swift; path = DetailViewCell.swift; sourceTree = "<group>"; };
		A597A927219F23730069B9D2 /* AppDelegate.swift */ = {isa = PBXFileReference; fileEncoding = 4; lastKnownFileType = sourcecode.swift; path = AppDelegate.swift; sourceTree = "<group>"; };
		A597A928219F23740069B9D2 /* TableViewController.swift */ = {isa = PBXFileReference; fileEncoding = 4; lastKnownFileType = sourcecode.swift; path = TableViewController.swift; sourceTree = "<group>"; };
		A597A929219F23740069B9D2 /* CollectionReusableHeaderView.xib */ = {isa = PBXFileReference; fileEncoding = 4; lastKnownFileType = file.xib; path = CollectionReusableHeaderView.xib; sourceTree = "<group>"; };
		A597A92A219F23740069B9D2 /* CollectionReusableHeaderView.swift */ = {isa = PBXFileReference; fileEncoding = 4; lastKnownFileType = sourcecode.swift; path = CollectionReusableHeaderView.swift; sourceTree = "<group>"; };
		A597A934219F24410069B9D2 /* Crayon.swift */ = {isa = PBXFileReference; fileEncoding = 4; lastKnownFileType = sourcecode.swift; name = Crayon.swift; path = ../../Crayon.swift; sourceTree = "<group>"; };
		A597A936219F245E0069B9D2 /* CrayonModel.swift */ = {isa = PBXFileReference; fileEncoding = 4; lastKnownFileType = sourcecode.swift; name = CrayonModel.swift; path = ../../CrayonModel.swift; sourceTree = "<group>"; };
		A597A938219F29BF0069B9D2 /* Crayons.xcassets */ = {isa = PBXFileReference; lastKnownFileType = folder.assetcatalog; name = Crayons.xcassets; path = ../../Crayons.xcassets; sourceTree = "<group>"; };
		A597A93A219F2B350069B9D2 /* tem.xib */ = {isa = PBXFileReference; lastKnownFileType = file.xib; path = tem.xib; sourceTree = "<group>"; };
/* End PBXFileReference section */

/* Begin PBXFrameworksBuildPhase section */
		A597A90A219F227A0069B9D2 /* Frameworks */ = {
			isa = PBXFrameworksBuildPhase;
			buildActionMask = 2147483647;
			files = (
			);
			runOnlyForDeploymentPostprocessing = 0;
		};
/* End PBXFrameworksBuildPhase section */

/* Begin PBXGroup section */
		A597A904219F227A0069B9D2 = {
			isa = PBXGroup;
			children = (
				A597A90F219F227A0069B9D2 /* iOS-sprint-2-Challange */,
				A597A90E219F227A0069B9D2 /* Products */,
			);
			sourceTree = "<group>";
		};
		A597A90E219F227A0069B9D2 /* Products */ = {
			isa = PBXGroup;
			children = (
				A597A90D219F227A0069B9D2 /* iOS-sprint-2-Challange.app */,
			);
			name = Products;
			sourceTree = "<group>";
		};
		A597A90F219F227A0069B9D2 /* iOS-sprint-2-Challange */ = {
			isa = PBXGroup;
			children = (
				A597A927219F23730069B9D2 /* AppDelegate.swift */,
				A597A92A219F23740069B9D2 /* CollectionReusableHeaderView.swift */,
				A597A929219F23740069B9D2 /* CollectionReusableHeaderView.xib */,
				A597A925219F23730069B9D2 /* DetailViewCell.swift */,
				A597A924219F23730069B9D2 /* DetailViewController.swift */,
				A597A936219F245E0069B9D2 /* CrayonModel.swift */,
				A597A934219F24410069B9D2 /* Crayon.swift */,
				A597A93A219F2B350069B9D2 /* tem.xib */,
				A597A923219F23730069B9D2 /* Main.storyboard */,
				A597A922219F23730069B9D2 /* TableViewCell.swift */,
				A597A928219F23740069B9D2 /* TableViewController.swift */,
				A597A917219F227B0069B9D2 /* Assets.xcassets */,
				A597A938219F29BF0069B9D2 /* Crayons.xcassets */,
				A597A919219F227B0069B9D2 /* LaunchScreen.storyboard */,
				A597A91C219F227B0069B9D2 /* Info.plist */,
			);
			path = "iOS-sprint-2-Challange";
			sourceTree = "<group>";
		};
/* End PBXGroup section */

/* Begin PBXNativeTarget section */
		A597A90C219F227A0069B9D2 /* iOS-sprint-2-Challange */ = {
			isa = PBXNativeTarget;
			buildConfigurationList = A597A91F219F227B0069B9D2 /* Build configuration list for PBXNativeTarget "iOS-sprint-2-Challange" */;
			buildPhases = (
				A597A909219F227A0069B9D2 /* Sources */,
				A597A90A219F227A0069B9D2 /* Frameworks */,
				A597A90B219F227A0069B9D2 /* Resources */,
			);
			buildRules = (
			);
			dependencies = (
			);
			name = "iOS-sprint-2-Challange";
			productName = "iOS-sprint-2-Challange";
			productReference = A597A90D219F227A0069B9D2 /* iOS-sprint-2-Challange.app */;
			productType = "com.apple.product-type.application";
		};
/* End PBXNativeTarget section */

/* Begin PBXProject section */
		A597A905219F227A0069B9D2 /* Project object */ = {
			isa = PBXProject;
			attributes = {
				LastSwiftUpdateCheck = 1010;
				LastUpgradeCheck = 1010;
				ORGANIZATIONNAME = "Sergey Osipyan";
				TargetAttributes = {
					A597A90C219F227A0069B9D2 = {
						CreatedOnToolsVersion = 10.1;
						LastSwiftMigration = 1010;
					};
				};
			};
			buildConfigurationList = A597A908219F227A0069B9D2 /* Build configuration list for PBXProject "iOS-sprint-2-Challange" */;
			compatibilityVersion = "Xcode 9.3";
			developmentRegion = en;
			hasScannedForEncodings = 0;
			knownRegions = (
				en,
				Base,
			);
			mainGroup = A597A904219F227A0069B9D2;
			productRefGroup = A597A90E219F227A0069B9D2 /* Products */;
			projectDirPath = "";
			projectRoot = "";
			targets = (
				A597A90C219F227A0069B9D2 /* iOS-sprint-2-Challange */,
			);
		};
/* End PBXProject section */

/* Begin PBXResourcesBuildPhase section */
		A597A90B219F227A0069B9D2 /* Resources */ = {
			isa = PBXResourcesBuildPhase;
			buildActionMask = 2147483647;
			files = (
				A597A93B219F2B350069B9D2 /* tem.xib in Resources */,
				A597A932219F23740069B9D2 /* CollectionReusableHeaderView.xib in Resources */,
				A597A939219F29BF0069B9D2 /* Crayons.xcassets in Resources */,
				A597A92C219F23740069B9D2 /* Main.storyboard in Resources */,
				A597A91B219F227B0069B9D2 /* LaunchScreen.storyboard in Resources */,
				A597A918219F227B0069B9D2 /* Assets.xcassets in Resources */,
			);
			runOnlyForDeploymentPostprocessing = 0;
		};
/* End PBXResourcesBuildPhase section */

/* Begin PBXSourcesBuildPhase section */
		A597A909219F227A0069B9D2 /* Sources */ = {
			isa = PBXSourcesBuildPhase;
			buildActionMask = 2147483647;
			files = (
				A597A92D219F23740069B9D2 /* DetailViewController.swift in Sources */,
				A597A937219F245F0069B9D2 /* CrayonModel.swift in Sources */,
				A597A931219F23740069B9D2 /* TableViewController.swift in Sources */,
				A597A933219F23740069B9D2 /* CollectionReusableHeaderView.swift in Sources */,
				A597A935219F24410069B9D2 /* Crayon.swift in Sources */,
				A597A92B219F23740069B9D2 /* TableViewCell.swift in Sources */,
				A597A930219F23740069B9D2 /* AppDelegate.swift in Sources */,
				A597A92E219F23740069B9D2 /* DetailViewCell.swift in Sources */,
			);
			runOnlyForDeploymentPostprocessing = 0;
		};
/* End PBXSourcesBuildPhase section */

/* Begin PBXVariantGroup section */
		A597A919219F227B0069B9D2 /* LaunchScreen.storyboard */ = {
			isa = PBXVariantGroup;
			children = (
				A597A91A219F227B0069B9D2 /* Base */,
			);
			name = LaunchScreen.storyboard;
			sourceTree = "<group>";
		};
/* End PBXVariantGroup section */

/* Begin XCBuildConfiguration section */
		A597A91D219F227B0069B9D2 /* Debug */ = {
			isa = XCBuildConfiguration;
			buildSettings = {
				ALWAYS_SEARCH_USER_PATHS = NO;
				CLANG_ANALYZER_NONNULL = YES;
				CLANG_ANALYZER_NUMBER_OBJECT_CONVERSION = YES_AGGRESSIVE;
				CLANG_CXX_LANGUAGE_STANDARD = "gnu++14";
				CLANG_CXX_LIBRARY = "libc++";
				CLANG_ENABLE_MODULES = YES;
				CLANG_ENABLE_OBJC_ARC = YES;
				CLANG_ENABLE_OBJC_WEAK = YES;
				CLANG_WARN_BLOCK_CAPTURE_AUTORELEASING = YES;
				CLANG_WARN_BOOL_CONVERSION = YES;
				CLANG_WARN_COMMA = YES;
				CLANG_WARN_CONSTANT_CONVERSION = YES;
				CLANG_WARN_DEPRECATED_OBJC_IMPLEMENTATIONS = YES;
				CLANG_WARN_DIRECT_OBJC_ISA_USAGE = YES_ERROR;
				CLANG_WARN_DOCUMENTATION_COMMENTS = YES;
				CLANG_WARN_EMPTY_BODY = YES;
				CLANG_WARN_ENUM_CONVERSION = YES;
				CLANG_WARN_INFINITE_RECURSION = YES;
				CLANG_WARN_INT_CONVERSION = YES;
				CLANG_WARN_NON_LITERAL_NULL_CONVERSION = YES;
				CLANG_WARN_OBJC_IMPLICIT_RETAIN_SELF = YES;
				CLANG_WARN_OBJC_LITERAL_CONVERSION = YES;
				CLANG_WARN_OBJC_ROOT_CLASS = YES_ERROR;
				CLANG_WARN_RANGE_LOOP_ANALYSIS = YES;
				CLANG_WARN_STRICT_PROTOTYPES = YES;
				CLANG_WARN_SUSPICIOUS_MOVE = YES;
				CLANG_WARN_UNGUARDED_AVAILABILITY = YES_AGGRESSIVE;
				CLANG_WARN_UNREACHABLE_CODE = YES;
				CLANG_WARN__DUPLICATE_METHOD_MATCH = YES;
				CODE_SIGN_IDENTITY = "iPhone Developer";
				COPY_PHASE_STRIP = NO;
				DEBUG_INFORMATION_FORMAT = dwarf;
				ENABLE_STRICT_OBJC_MSGSEND = YES;
				ENABLE_TESTABILITY = YES;
				GCC_C_LANGUAGE_STANDARD = gnu11;
				GCC_DYNAMIC_NO_PIC = NO;
				GCC_NO_COMMON_BLOCKS = YES;
				GCC_OPTIMIZATION_LEVEL = 0;
				GCC_PREPROCESSOR_DEFINITIONS = (
					"DEBUG=1",
					"$(inherited)",
				);
				GCC_WARN_64_TO_32_BIT_CONVERSION = YES;
				GCC_WARN_ABOUT_RETURN_TYPE = YES_ERROR;
				GCC_WARN_UNDECLARED_SELECTOR = YES;
				GCC_WARN_UNINITIALIZED_AUTOS = YES_AGGRESSIVE;
				GCC_WARN_UNUSED_FUNCTION = YES;
				GCC_WARN_UNUSED_VARIABLE = YES;
				IPHONEOS_DEPLOYMENT_TARGET = 12.1;
				MTL_ENABLE_DEBUG_INFO = INCLUDE_SOURCE;
				MTL_FAST_MATH = YES;
				ONLY_ACTIVE_ARCH = YES;
				SDKROOT = iphoneos;
				SWIFT_ACTIVE_COMPILATION_CONDITIONS = DEBUG;
				SWIFT_OPTIMIZATION_LEVEL = "-Onone";
			};
			name = Debug;
		};
		A597A91E219F227B0069B9D2 /* Release */ = {
			isa = XCBuildConfiguration;
			buildSettings = {
				ALWAYS_SEARCH_USER_PATHS = NO;
				CLANG_ANALYZER_NONNULL = YES;
				CLANG_ANALYZER_NUMBER_OBJECT_CONVERSION = YES_AGGRESSIVE;
				CLANG_CXX_LANGUAGE_STANDARD = "gnu++14";
				CLANG_CXX_LIBRARY = "libc++";
				CLANG_ENABLE_MODULES = YES;
				CLANG_ENABLE_OBJC_ARC = YES;
				CLANG_ENABLE_OBJC_WEAK = YES;
				CLANG_WARN_BLOCK_CAPTURE_AUTORELEASING = YES;
				CLANG_WARN_BOOL_CONVERSION = YES;
				CLANG_WARN_COMMA = YES;
				CLANG_WARN_CONSTANT_CONVERSION = YES;
				CLANG_WARN_DEPRECATED_OBJC_IMPLEMENTATIONS = YES;
				CLANG_WARN_DIRECT_OBJC_ISA_USAGE = YES_ERROR;
				CLANG_WARN_DOCUMENTATION_COMMENTS = YES;
				CLANG_WARN_EMPTY_BODY = YES;
				CLANG_WARN_ENUM_CONVERSION = YES;
				CLANG_WARN_INFINITE_RECURSION = YES;
				CLANG_WARN_INT_CONVERSION = YES;
				CLANG_WARN_NON_LITERAL_NULL_CONVERSION = YES;
				CLANG_WARN_OBJC_IMPLICIT_RETAIN_SELF = YES;
				CLANG_WARN_OBJC_LITERAL_CONVERSION = YES;
				CLANG_WARN_OBJC_ROOT_CLASS = YES_ERROR;
				CLANG_WARN_RANGE_LOOP_ANALYSIS = YES;
				CLANG_WARN_STRICT_PROTOTYPES = YES;
				CLANG_WARN_SUSPICIOUS_MOVE = YES;
				CLANG_WARN_UNGUARDED_AVAILABILITY = YES_AGGRESSIVE;
				CLANG_WARN_UNREACHABLE_CODE = YES;
				CLANG_WARN__DUPLICATE_METHOD_MATCH = YES;
				CODE_SIGN_IDENTITY = "iPhone Developer";
				COPY_PHASE_STRIP = NO;
				DEBUG_INFORMATION_FORMAT = "dwarf-with-dsym";
				ENABLE_NS_ASSERTIONS = NO;
				ENABLE_STRICT_OBJC_MSGSEND = YES;
				GCC_C_LANGUAGE_STANDARD = gnu11;
				GCC_NO_COMMON_BLOCKS = YES;
				GCC_WARN_64_TO_32_BIT_CONVERSION = YES;
				GCC_WARN_ABOUT_RETURN_TYPE = YES_ERROR;
				GCC_WARN_UNDECLARED_SELECTOR = YES;
				GCC_WARN_UNINITIALIZED_AUTOS = YES_AGGRESSIVE;
				GCC_WARN_UNUSED_FUNCTION = YES;
				GCC_WARN_UNUSED_VARIABLE = YES;
				IPHONEOS_DEPLOYMENT_TARGET = 12.1;
				MTL_ENABLE_DEBUG_INFO = NO;
				MTL_FAST_MATH = YES;
				SDKROOT = iphoneos;
				SWIFT_COMPILATION_MODE = wholemodule;
				SWIFT_OPTIMIZATION_LEVEL = "-O";
				VALIDATE_PRODUCT = YES;
			};
			name = Release;
		};
		A597A920219F227B0069B9D2 /* Debug */ = {
			isa = XCBuildConfiguration;
			buildSettings = {
				ASSETCATALOG_COMPILER_APPICON_NAME = AppIcon;
				CLANG_ENABLE_MODULES = YES;
				CODE_SIGN_STYLE = Automatic;
				DEVELOPMENT_TEAM = KF4QEGAU36;
				INFOPLIST_FILE = "iOS-sprint-2-Challange/Info.plist";
				LD_RUNPATH_SEARCH_PATHS = (
					"$(inherited)",
					"@executable_path/Frameworks",
				);
				PRODUCT_BUNDLE_IDENTIFIER = "Sergey.iOS-sprint-2-Challange";
				PRODUCT_NAME = "$(TARGET_NAME)";
				SWIFT_OPTIMIZATION_LEVEL = "-Onone";
				SWIFT_VERSION = 4.2;
				TARGETED_DEVICE_FAMILY = "1,2";
			};
			name = Debug;
		};
		A597A921219F227B0069B9D2 /* Release */ = {
			isa = XCBuildConfiguration;
			buildSettings = {
				ASSETCATALOG_COMPILER_APPICON_NAME = AppIcon;
				CLANG_ENABLE_MODULES = YES;
				CODE_SIGN_STYLE = Automatic;
				DEVELOPMENT_TEAM = KF4QEGAU36;
				INFOPLIST_FILE = "iOS-sprint-2-Challange/Info.plist";
				LD_RUNPATH_SEARCH_PATHS = (
					"$(inherited)",
					"@executable_path/Frameworks",
				);
				PRODUCT_BUNDLE_IDENTIFIER = "Sergey.iOS-sprint-2-Challange";
				PRODUCT_NAME = "$(TARGET_NAME)";
				SWIFT_VERSION = 4.2;
				TARGETED_DEVICE_FAMILY = "1,2";
			};
			name = Release;
		};
/* End XCBuildConfiguration section */

/* Begin XCConfigurationList section */
		A597A908219F227A0069B9D2 /* Build configuration list for PBXProject "iOS-sprint-2-Challange" */ = {
			isa = XCConfigurationList;
			buildConfigurations = (
				A597A91D219F227B0069B9D2 /* Debug */,
				A597A91E219F227B0069B9D2 /* Release */,
			);
			defaultConfigurationIsVisible = 0;
			defaultConfigurationName = Release;
		};
		A597A91F219F227B0069B9D2 /* Build configuration list for PBXNativeTarget "iOS-sprint-2-Challange" */ = {
			isa = XCConfigurationList;
			buildConfigurations = (
				A597A920219F227B0069B9D2 /* Debug */,
				A597A921219F227B0069B9D2 /* Release */,
			);
			defaultConfigurationIsVisible = 0;
			defaultConfigurationName = Release;
		};
/* End XCConfigurationList section */
	};
	rootObject = A597A905219F227A0069B9D2 /* Project object */;
}
